
Microsoft Visual Studio Solution File, Format Version 12.00
# Visual Studio Version 17
VisualStudioVersion = 17.12.35514.174 d17.12
MinimumVisualStudioVersion = 10.0.40219.1
Project("{FAE04EC0-301F-11D3-BF4B-00C04F79EFBC}") = "HubStoreV2", "HubStoreV2.csproj", "{15A061D1-641E-47F0-9371-9C28B3DD0F9C}"
EndProject
Project("{FAE04EC0-301F-11D3-BF4B-00C04F79EFBC}") = "Core", "..\Core\Core.csproj", "{93DFA78C-4390-4343-8DAF-C7398B63DE67}"
EndProject
Project("{FAE04EC0-301F-11D3-BF4B-00C04F79EFBC}") = "Infrastructure", "..\Infrastructure\Infrastructure.csproj", "{29F4D6D8-4DC6-4550-99E3-5514EF99C658}"
EndProject
Global
	GlobalSection(SolutionConfigurationPlatforms) = preSolution
		Debug|Any CPU = Debug|Any CPU
		Release|Any CPU = Release|Any CPU
	EndGlobalSection
	GlobalSection(ProjectConfigurationPlatforms) = postSolution
		{15A061D1-641E-47F0-9371-9C28B3DD0F9C}.Debug|Any CPU.ActiveCfg = Debug|Any CPU
		{15A061D1-641E-47F0-9371-9C28B3DD0F9C}.Debug|Any CPU.Build.0 = Debug|Any CPU
		{15A061D1-641E-47F0-9371-9C28B3DD0F9C}.Release|Any CPU.ActiveCfg = Release|Any CPU
		{15A061D1-641E-47F0-9371-9C28B3DD0F9C}.Release|Any CPU.Build.0 = Release|Any CPU
		{93DFA78C-4390-4343-8DAF-C7398B63DE67}.Debug|Any CPU.ActiveCfg = Debug|Any CPU
		{93DFA78C-4390-4343-8DAF-C7398B63DE67}.Debug|Any CPU.Build.0 = Debug|Any CPU
		{93DFA78C-4390-4343-8DAF-C7398B63DE67}.Release|Any CPU.ActiveCfg = Release|Any CPU
		{93DFA78C-4390-4343-8DAF-C7398B63DE67}.Release|Any CPU.Build.0 = Release|Any CPU
		{29F4D6D8-4DC6-4550-99E3-5514EF99C658}.Debug|Any CPU.ActiveCfg = Debug|Any CPU
		{29F4D6D8-4DC6-4550-99E3-5514EF99C658}.Debug|Any CPU.Build.0 = Debug|Any CPU
		{29F4D6D8-4DC6-4550-99E3-5514EF99C658}.Release|Any CPU.ActiveCfg = Release|Any CPU
		{29F4D6D8-4DC6-4550-99E3-5514EF99C658}.Release|Any CPU.Build.0 = Release|Any CPU
	EndGlobalSection
	GlobalSection(SolutionProperties) = preSolution
		HideSolutionNode = FALSE
	EndGlobalSection
EndGlobal
